// !$*UTF8*$!
{
	archiveVersion = 1;
	classes = {
	};
	objectVersion = 46;
	objects = {

/* Begin PBXBuildFile section */
		6F550ACA1B9B25E200BCEC63 /* main.m in Sources */ = {isa = PBXBuildFile; fileRef = 6F550AC91B9B25E200BCEC63 /* main.m */; };
		6F550ACD1B9B25E200BCEC63 /* AppDelegate.m in Sources */ = {isa = PBXBuildFile; fileRef = 6F550ACC1B9B25E200BCEC63 /* AppDelegate.m */; };
		6F550AD01B9B25E200BCEC63 /* ViewController.m in Sources */ = {isa = PBXBuildFile; fileRef = 6F550ACF1B9B25E200BCEC63 /* ViewController.m */; };
		6F550AD31B9B25E200BCEC63 /* Main.storyboard in Resources */ = {isa = PBXBuildFile; fileRef = 6F550AD11B9B25E200BCEC63 /* Main.storyboard */; };
		6F550AD51B9B25E200BCEC63 /* Images.xcassets in Resources */ = {isa = PBXBuildFile; fileRef = 6F550AD41B9B25E200BCEC63 /* Images.xcassets */; };
		6F550AD81B9B25E200BCEC63 /* LaunchScreen.xib in Resources */ = {isa = PBXBuildFile; fileRef = 6F550AD61B9B25E200BCEC63 /* LaunchScreen.xib */; };
		6F550AE41B9B25E300BCEC63 /* NSArraySortedTests.m in Sources */ = {isa = PBXBuildFile; fileRef = 6F550AE31B9B25E300BCEC63 /* NSArraySortedTests.m */; };
/* End PBXBuildFile section */

/* Begin PBXContainerItemProxy section */
		6F550ADE1B9B25E300BCEC63 /* PBXContainerItemProxy */ = {
			isa = PBXContainerItemProxy;
			containerPortal = 6F550ABC1B9B25E200BCEC63 /* Project object */;
			proxyType = 1;
			remoteGlobalIDString = 6F550AC31B9B25E200BCEC63;
			remoteInfo = NSArraySorted;
		};
/* End PBXContainerItemProxy section */

/* Begin PBXFileReference section */
		6F550AC41B9B25E200BCEC63 /* NSArraySorted.app */ = {isa = PBXFileReference; explicitFileType = wrapper.application; includeInIndex = 0; path = NSArraySorted.app; sourceTree = BUILT_PRODUCTS_DIR; };
		6F550AC81B9B25E200BCEC63 /* Info.plist */ = {isa = PBXFileReference; lastKnownFileType = text.plist.xml; path = Info.plist; sourceTree = "<group>"; };
		6F550AC91B9B25E200BCEC63 /* main.m */ = {isa = PBXFileReference; lastKnownFileType = sourcecode.c.objc; path = main.m; sourceTree = "<group>"; };
		6F550ACB1B9B25E200BCEC63 /* AppDelegate.h */ = {isa = PBXFileReference; lastKnownFileType = sourcecode.c.h; path = AppDelegate.h; sourceTree = "<group>"; };
		6F550ACC1B9B25E200BCEC63 /* AppDelegate.m */ = {isa = PBXFileReference; lastKnownFileType = sourcecode.c.objc; path = AppDelegate.m; sourceTree = "<group>"; };
		6F550ACE1B9B25E200BCEC63 /* ViewController.h */ = {isa = PBXFileReference; lastKnownFileType = sourcecode.c.h; path = ViewController.h; sourceTree = "<group>"; };
		6F550ACF1B9B25E200BCEC63 /* ViewController.m */ = {isa = PBXFileReference; lastKnownFileType = sourcecode.c.objc; path = ViewController.m; sourceTree = "<group>"; };
		6F550AD21B9B25E200BCEC63 /* Base */ = {isa = PBXFileReference; lastKnownFileType = file.storyboard; name = Base; path = Base.lproj/Main.storyboard; sourceTree = "<group>"; };
		6F550AD41B9B25E200BCEC63 /* Images.xcassets */ = {isa = PBXFileReference; lastKnownFileType = folder.assetcatalog; path = Images.xcassets; sourceTree = "<group>"; };
		6F550AD71B9B25E200BCEC63 /* Base */ = {isa = PBXFileReference; lastKnownFileType = file.xib; name = Base; path = Base.lproj/LaunchScreen.xib; sourceTree = "<group>"; };
		6F550ADD1B9B25E300BCEC63 /* NSArraySortedTests.xctest */ = {isa = PBXFileReference; explicitFileType = wrapper.cfbundle; includeInIndex = 0; path = NSArraySortedTests.xctest; sourceTree = BUILT_PRODUCTS_DIR; };
		6F550AE21B9B25E300BCEC63 /* Info.plist */ = {isa = PBXFileReference; lastKnownFileType = text.plist.xml; path = Info.plist; sourceTree = "<group>"; };
		6F550AE31B9B25E300BCEC63 /* NSArraySortedTests.m */ = {isa = PBXFileReference; lastKnownFileType = sourcecode.c.objc; path = NSArraySortedTests.m; sourceTree = "<group>"; };
/* End PBXFileReference section */

/* Begin PBXFrameworksBuildPhase section */
		6F550AC11B9B25E200BCEC63 /* Frameworks */ = {
			isa = PBXFrameworksBuildPhase;
			buildActionMask = 2147483647;
			files = (
			);
			runOnlyForDeploymentPostprocessing = 0;
		};
		6F550ADA1B9B25E300BCEC63 /* Frameworks */ = {
			isa = PBXFrameworksBuildPhase;
			buildActionMask = 2147483647;
			files = (
			);
			runOnlyForDeploymentPostprocessing = 0;
		};
/* End PBXFrameworksBuildPhase section */

/* Begin PBXGroup section */
		6F550ABB1B9B25E200BCEC63 = {
			isa = PBXGroup;
			children = (
				6F550AC61B9B25E200BCEC63 /* NSArraySorted */,
				6F550AE01B9B25E300BCEC63 /* NSArraySortedTests */,
				6F550AC51B9B25E200BCEC63 /* Products */,
			);
			sourceTree = "<group>";
		};
		6F550AC51B9B25E200BCEC63 /* Products */ = {
			isa = PBXGroup;
			children = (
				6F550AC41B9B25E200BCEC63 /* NSArraySorted.app */,
				6F550ADD1B9B25E300BCEC63 /* NSArraySortedTests.xctest */,
			);
			name = Products;
			sourceTree = "<group>";
		};
		6F550AC61B9B25E200BCEC63 /* NSArraySorted */ = {
			isa = PBXGroup;
			children = (
				6F550ACB1B9B25E200BCEC63 /* AppDelegate.h */,
				6F550ACC1B9B25E200BCEC63 /* AppDelegate.m */,
				6F550ACE1B9B25E200BCEC63 /* ViewController.h */,
				6F550ACF1B9B25E200BCEC63 /* ViewController.m */,
				6F550AD11B9B25E200BCEC63 /* Main.storyboard */,
				6F550AD41B9B25E200BCEC63 /* Images.xcassets */,
				6F550AD61B9B25E200BCEC63 /* LaunchScreen.xib */,
				6F550AC71B9B25E200BCEC63 /* Supporting Files */,
			);
			path = NSArraySorted;
			sourceTree = "<group>";
		};
		6F550AC71B9B25E200BCEC63 /* Supporting Files */ = {
			isa = PBXGroup;
			children = (
				6F550AC81B9B25E200BCEC63 /* Info.plist */,
				6F550AC91B9B25E200BCEC63 /* main.m */,
			);
			name = "Supporting Files";
			sourceTree = "<group>";
		};
		6F550AE01B9B25E300BCEC63 /* NSArraySortedTests */ = {
			isa = PBXGroup;
			children = (
				6F550AE31B9B25E300BCEC63 /* NSArraySortedTests.m */,
				6F550AE11B9B25E300BCEC63 /* Supporting Files */,
			);
			path = NSArraySortedTests;
			sourceTree = "<group>";
		};
		6F550AE11B9B25E300BCEC63 /* Supporting Files */ = {
			isa = PBXGroup;
			children = (
				6F550AE21B9B25E300BCEC63 /* Info.plist */,
			);
			name = "Supporting Files";
			sourceTree = "<group>";
		};
/* End PBXGroup section */

/* Begin PBXNativeTarget section */
		6F550AC31B9B25E200BCEC63 /* NSArraySorted */ = {
			isa = PBXNativeTarget;
			buildConfigurationList = 6F550AE71B9B25E300BCEC63 /* Build configuration list for PBXNativeTarget "NSArraySorted" */;
			buildPhases = (
				6F550AC01B9B25E200BCEC63 /* Sources */,
				6F550AC11B9B25E200BCEC63 /* Frameworks */,
				6F550AC21B9B25E200BCEC63 /* Resources */,
			);
			buildRules = (
			);
			dependencies = (
			);
			name = NSArraySorted;
			productName = NSArraySorted;
			productReference = 6F550AC41B9B25E200BCEC63 /* NSArraySorted.app */;
			productType = "com.apple.product-type.application";
		};
		6F550ADC1B9B25E300BCEC63 /* NSArraySortedTests */ = {
			isa = PBXNativeTarget;
			buildConfigurationList = 6F550AEA1B9B25E300BCEC63 /* Build configuration list for PBXNativeTarget "NSArraySortedTests" */;
			buildPhases = (
				6F550AD91B9B25E300BCEC63 /* Sources */,
				6F550ADA1B9B25E300BCEC63 /* Frameworks */,
				6F550ADB1B9B25E300BCEC63 /* Resources */,
			);
			buildRules = (
			);
			dependencies = (
				6F550ADF1B9B25E300BCEC63 /* PBXTargetDependency */,
			);
			name = NSArraySortedTests;
			productName = NSArraySortedTests;
			productReference = 6F550ADD1B9B25E300BCEC63 /* NSArraySortedTests.xctest */;
			productType = "com.apple.product-type.bundle.unit-test";
		};
/* End PBXNativeTarget section */

/* Begin PBXProject section */
		6F550ABC1B9B25E200BCEC63 /* Project object */ = {
			isa = PBXProject;
			attributes = {
				LastUpgradeCheck = 0640;
				ORGANIZATIONNAME = "Dong Nguyen Duc";
				TargetAttributes = {
					6F550AC31B9B25E200BCEC63 = {
						CreatedOnToolsVersion = 6.4;
					};
					6F550ADC1B9B25E300BCEC63 = {
						CreatedOnToolsVersion = 6.4;
						TestTargetID = 6F550AC31B9B25E200BCEC63;
					};
				};
			};
			buildConfigurationList = 6F550ABF1B9B25E200BCEC63 /* Build configuration list for PBXProject "NSArraySorted" */;
			compatibilityVersion = "Xcode 3.2";
			developmentRegion = English;
			hasScannedForEncodings = 0;
			knownRegions = (
				en,
				Base,
			);
			mainGroup = 6F550ABB1B9B25E200BCEC63;
			productRefGroup = 6F550AC51B9B25E200BCEC63 /* Products */;
			projectDirPath = "";
			projectRoot = "";
			targets = (
				6F550AC31B9B25E200BCEC63 /* NSArraySorted */,
				6F550ADC1B9B25E300BCEC63 /* NSArraySortedTests */,
			);
		};
/* End PBXProject section */

/* Begin PBXResourcesBuildPhase section */
		6F550AC21B9B25E200BCEC63 /* Resources */ = {
			isa = PBXResourcesBuildPhase;
			buildActionMask = 2147483647;
			files = (
				6F550AD31B9B25E200BCEC63 /* Main.storyboard in Resources */,
				6F550AD81B9B25E200BCEC63 /* LaunchScreen.xib in Resources */,
				6F550AD51B9B25E200BCEC63 /* Images.xcassets in Resources */,
			);
			runOnlyForDeploymentPostprocessing = 0;
		};
		6F550ADB1B9B25E300BCEC63 /* Resources */ = {
			isa = PBXResourcesBuildPhase;
			buildActionMask = 2147483647;
			files = (
			);
			runOnlyForDeploymentPostprocessing = 0;
		};
/* End PBXResourcesBuildPhase section */

/* Begin PBXSourcesBuildPhase section */
		6F550AC01B9B25E200BCEC63 /* Sources */ = {
			isa = PBXSourcesBuildPhase;
			buildActionMask = 2147483647;
			files = (
				6F550AD01B9B25E200BCEC63 /* ViewController.m in Sources */,
				6F550ACD1B9B25E200BCEC63 /* AppDelegate.m in Sources */,
				6F550ACA1B9B25E200BCEC63 /* main.m in Sources */,
			);
			runOnlyForDeploymentPostprocessing = 0;
		};
		6F550AD91B9B25E300BCEC63 /* Sources */ = {
			isa = PBXSourcesBuildPhase;
			buildActionMask = 2147483647;
			files = (
				6F550AE41B9B25E300BCEC63 /* NSArraySortedTests.m in Sources */,
			);
			runOnlyForDeploymentPostprocessing = 0;
		};
/* End PBXSourcesBuildPhase section */

/* Begin PBXTargetDependency section */
		6F550ADF1B9B25E300BCEC63 /* PBXTargetDependency */ = {
			isa = PBXTargetDependency;
			target = 6F550AC31B9B25E200BCEC63 /* NSArraySorted */;
			targetProxy = 6F550ADE1B9B25E300BCEC63 /* PBXContainerItemProxy */;
		};
/* End PBXTargetDependency section */

/* Begin PBXVariantGroup section */
		6F550AD11B9B25E200BCEC63 /* Main.storyboard */ = {
			isa = PBXVariantGroup;
			children = (
				6F550AD21B9B25E200BCEC63 /* Base */,
			);
			name = Main.storyboard;
			sourceTree = "<group>";
		};
		6F550AD61B9B25E200BCEC63 /* LaunchScreen.xib */ = {
			isa = PBXVariantGroup;
			children = (
				6F550AD71B9B25E200BCEC63 /* Base */,
			);
			name = LaunchScreen.xib;
			sourceTree = "<group>";
		};
/* End PBXVariantGroup section */

/* Begin XCBuildConfiguration section */
		6F550AE51B9B25E300BCEC63 /* Debug */ = {
			isa = XCBuildConfiguration;
			buildSettings = {
				ALWAYS_SEARCH_USER_PATHS = NO;
				CLANG_CXX_LANGUAGE_STANDARD = "gnu++0x";
				CLANG_CXX_LIBRARY = "libc++";
				CLANG_ENABLE_MODULES = YES;
				CLANG_ENABLE_OBJC_ARC = YES;
				CLANG_WARN_BOOL_CONVERSION = YES;
				CLANG_WARN_CONSTANT_CONVERSION = YES;
				CLANG_WARN_DIRECT_OBJC_ISA_USAGE = YES_ERROR;
				CLANG_WARN_EMPTY_BODY = YES;
				CLANG_WARN_ENUM_CONVERSION = YES;
				CLANG_WARN_INT_CONVERSION = YES;
				CLANG_WARN_OBJC_ROOT_CLASS = YES_ERROR;
				CLANG_WARN_UNREACHABLE_CODE = YES;
				CLANG_WARN__DUPLICATE_METHOD_MATCH = YES;
				"CODE_SIGN_IDENTITY[sdk=iphoneos*]" = "iPhone Developer";
				COPY_PHASE_STRIP = NO;
				DEBUG_INFORMATION_FORMAT = "dwarf-with-dsym";
				ENABLE_STRICT_OBJC_MSGSEND = YES;
				GCC_C_LANGUAGE_STANDARD = gnu99;
				GCC_DYNAMIC_NO_PIC = NO;
				GCC_NO_COMMON_BLOCKS = YES;
				GCC_OPTIMIZATION_LEVEL = 0;
				GCC_PREPROCESSOR_DEFINITIONS = (
					"DEBUG=1",
					"$(inherited)",
				);
				GCC_SYMBOLS_PRIVATE_EXTERN = NO;
				GCC_WARN_64_TO_32_BIT_CONVERSION = YES;
				GCC_WARN_ABOUT_RETURN_TYPE = YES_ERROR;
				GCC_WARN_UNDECLARED_SELECTOR = YES;
				GCC_WARN_UNINITIALIZED_AUTOS = YES_AGGRESSIVE;
				GCC_WARN_UNUSED_FUNCTION = YES;
				GCC_WARN_UNUSED_VARIABLE = YES;
				IPHONEOS_DEPLOYMENT_TARGET = 8.4;
				MTL_ENABLE_DEBUG_INFO = YES;
				ONLY_ACTIVE_ARCH = YES;
				SDKROOT = iphoneos;
			};
			name = Debug;
		};
		6F550AE61B9B25E300BCEC63 /* Release */ = {
			isa = XCBuildConfiguration;
			buildSettings = {
				ALWAYS_SEARCH_USER_PATHS = NO;
				CLANG_CXX_LANGUAGE_STANDARD = "gnu++0x";
				CLANG_CXX_LIBRARY = "libc++";
				CLANG_ENABLE_MODULES = YES;
				CLANG_ENABLE_OBJC_ARC = YES;
				CLANG_WARN_BOOL_CONVERSION = YES;
				CLANG_WARN_CONSTANT_CONVERSION = YES;
				CLANG_WARN_DIRECT_OBJC_ISA_USAGE = YES_ERROR;
				CLANG_WARN_EMPTY_BODY = YES;
				CLANG_WARN_ENUM_CONVERSION = YES;
				CLANG_WARN_INT_CONVERSION = YES;
				CLANG_WARN_OBJC_ROOT_CLASS = YES_ERROR;
				CLANG_WARN_UNREACHABLE_CODE = YES;
				CLANG_WARN__DUPLICATE_METHOD_MATCH = YES;
				"CODE_SIGN_IDENTITY[sdk=iphoneos*]" = "iPhone Developer";
				COPY_PHASE_STRIP = NO;
				DEBUG_INFORMATION_FORMAT = "dwarf-with-dsym";
				ENABLE_NS_ASSERTIONS = NO;
				ENABLE_STRICT_OBJC_MSGSEND = YES;
				GCC_C_LANGUAGE_STANDARD = gnu99;
				GCC_NO_COMMON_BLOCKS = YES;
				GCC_WARN_64_TO_32_BIT_CONVERSION = YES;
				GCC_WARN_ABOUT_RETURN_TYPE = YES_ERROR;
				GCC_WARN_UNDECLARED_SELECTOR = YES;
				GCC_WARN_UNINITIALIZED_AUTOS = YES_AGGRESSIVE;
				GCC_WARN_UNUSED_FUNCTION = YES;
				GCC_WARN_UNUSED_VARIABLE = YES;
				IPHONEOS_DEPLOYMENT_TARGET = 8.4;
				MTL_ENABLE_DEBUG_INFO = NO;
				SDKROOT = iphoneos;
				VALIDATE_PRODUCT = YES;
			};
			name = Release;
		};
		6F550AE81B9B25E300BCEC63 /* Debug */ = {
			isa = XCBuildConfiguration;
			buildSettings = {
				ASSETCATALOG_COMPILER_APPICON_NAME = AppIcon;
				INFOPLIST_FILE = NSArraySorted/Info.plist;
				LD_RUNPATH_SEARCH_PATHS = "$(inherited) @executable_path/Frameworks";
				PRODUCT_NAME = "$(TARGET_NAME)";
			};
			name = Debug;
		};
		6F550AE91B9B25E300BCEC63 /* Release */ = {
			isa = XCBuildConfiguration;
			buildSettings = {
				ASSETCATALOG_COMPILER_APPICON_NAME = AppIcon;
				INFOPLIST_FILE = NSArraySorted/Info.plist;
				LD_RUNPATH_SEARCH_PATHS = "$(inherited) @executable_path/Frameworks";
				PRODUCT_NAME = "$(TARGET_NAME)";
			};
			name = Release;
		};
		6F550AEB1B9B25E300BCEC63 /* Debug */ = {
			isa = XCBuildConfiguration;
			buildSettings = {
				BUNDLE_LOADER = "$(TEST_HOST)";
				FRAMEWORK_SEARCH_PATHS = (
					"$(SDKROOT)/Developer/Library/Frameworks",
					"$(inherited)",
				);
				GCC_PREPROCESSOR_DEFINITIONS = (
					"DEBUG=1",
					"$(inherited)",
				);
				INFOPLIST_FILE = NSArraySortedTests/Info.plist;
				LD_RUNPATH_SEARCH_PATHS = "$(inherited) @executable_path/Frameworks @loader_path/Frameworks";
				PRODUCT_NAME = "$(TARGET_NAME)";
				TEST_HOST = "$(BUILT_PRODUCTS_DIR)/NSArraySorted.app/NSArraySorted";
			};
			name = Debug;
		};
		6F550AEC1B9B25E300BCEC63 /* Release */ = {
			isa = XCBuildConfiguration;
			buildSettings = {
				BUNDLE_LOADER = "$(TEST_HOST)";
				FRAMEWORK_SEARCH_PATHS = (
					"$(SDKROOT)/Developer/Library/Frameworks",
					"$(inherited)",
				);
				INFOPLIST_FILE = NSArraySortedTests/Info.plist;
				LD_RUNPATH_SEARCH_PATHS = "$(inherited) @executable_path/Frameworks @loader_path/Frameworks";
				PRODUCT_NAME = "$(TARGET_NAME)";
				TEST_HOST = "$(BUILT_PRODUCTS_DIR)/NSArraySorted.app/NSArraySorted";
			};
			name = Release;
		};
/* End XCBuildConfiguration section */

/* Begin XCConfigurationList section */
		6F550ABF1B9B25E200BCEC63 /* Build configuration list for PBXProject "NSArraySorted" */ = {
			isa = XCConfigurationList;
			buildConfigurations = (
				6F550AE51B9B25E300BCEC63 /* Debug */,
				6F550AE61B9B25E300BCEC63 /* Release */,
			);
			defaultConfigurationIsVisible = 0;
			defaultConfigurationName = Release;
		};
		6F550AE71B9B25E300BCEC63 /* Build configuration list for PBXNativeTarget "NSArraySorted" */ = {
			isa = XCConfigurationList;
			buildConfigurations = (
				6F550AE81B9B25E300BCEC63 /* Debug */,
				6F550AE91B9B25E300BCEC63 /* Release */,
			);
			defaultConfigurationIsVisible = 0;
		};
		6F550AEA1B9B25E300BCEC63 /* Build configuration list for PBXNativeTarget "NSArraySortedTests" */ = {
			isa = XCConfigurationList;
			buildConfigurations = (
				6F550AEB1B9B25E300BCEC63 /* Debug */,
				6F550AEC1B9B25E300BCEC63 /* Release */,
			);
			defaultConfigurationIsVisible = 0;
		};
/* End XCConfigurationList section */
	};
	rootObject = 6F550ABC1B9B25E200BCEC63 /* Project object */;
}
